
Microsoft Visual Studio Solution File, Format Version 12.00
# Visual Studio Version 16
VisualStudioVersion = 16.0.32407.337
MinimumVisualStudioVersion = 10.0.40219.1
Project("{9A19103F-16F7-4668-BE54-9A1E7A4F7556}") = "Stealer", "Stealer\Stealer.csproj", "{248FAA0E-ABA0-4F93-B33A-0598AFA87FA0}"
EndProject
Project("{FAE04EC0-301F-11D3-BF4B-00C04F79EFBC}") = "AuthorProblem", "AuthorProblem\AuthorProblem.csproj", "{71AC29F0-09EC-44D3-99F9-E179F8AE7E0B}"
EndProject
Global
	GlobalSection(SolutionConfigurationPlatforms) = preSolution
		Debug|Any CPU = Debug|Any CPU
		Release|Any CPU = Release|Any CPU
	EndGlobalSection
	GlobalSection(ProjectConfigurationPlatforms) = postSolution
		{248FAA0E-ABA0-4F93-B33A-0598AFA87FA0}.Debug|Any CPU.ActiveCfg = Debug|Any CPU
		{248FAA0E-ABA0-4F93-B33A-0598AFA87FA0}.Debug|Any CPU.Build.0 = Debug|Any CPU
		{248FAA0E-ABA0-4F93-B33A-0598AFA87FA0}.Release|Any CPU.ActiveCfg = Release|Any CPU
		{248FAA0E-ABA0-4F93-B33A-0598AFA87FA0}.Release|Any CPU.Build.0 = Release|Any CPU
		{71AC29F0-09EC-44D3-99F9-E179F8AE7E0B}.Debug|Any CPU.ActiveCfg = Debug|Any CPU
		{71AC29F0-09EC-44D3-99F9-E179F8AE7E0B}.Debug|Any CPU.Build.0 = Debug|Any CPU
		{71AC29F0-09EC-44D3-99F9-E179F8AE7E0B}.Release|Any CPU.ActiveCfg = Release|Any CPU
		{71AC29F0-09EC-44D3-99F9-E179F8AE7E0B}.Release|Any CPU.Build.0 = Release|Any CPU
	EndGlobalSection
	GlobalSection(SolutionProperties) = preSolution
		HideSolutionNode = FALSE
	EndGlobalSection
	GlobalSection(ExtensibilityGlobals) = postSolution
		SolutionGuid = {BF5BF857-7F46-4EF5-B9A3-86449F0171FE}
	EndGlobalSection
EndGlobal
