
Microsoft Visual Studio Solution File, Format Version 12.00
# Visual Studio Version 16
VisualStudioVersion = 16.0.32407.337
MinimumVisualStudioVersion = 10.0.40219.1
Project("{9A19103F-16F7-4668-BE54-9A1E7A4F7556}") = "Vehicles", "Vehicles\Vehicles.csproj", "{457A5BE1-AFFD-4188-A670-35C3C4BF5F73}"
EndProject
Project("{9A19103F-16F7-4668-BE54-9A1E7A4F7556}") = "Raiding", "Raiding\Raiding.csproj", "{284C546B-9052-498C-9D31-5AAB4F2EE4CA}"
EndProject
Project("{9A19103F-16F7-4668-BE54-9A1E7A4F7556}") = "WildFarm", "WildFarm\WildFarm.csproj", "{9E8A3FB5-B0FC-47D8-816E-E8B4BA72F0BF}"
EndProject
Project("{FAE04EC0-301F-11D3-BF4B-00C04F79EFBC}") = "WildFarm2", "WildFarm2\WildFarm2.csproj", "{A0F2E8A7-A8B0-46A8-AFD1-8D7AAD7D751F}"
EndProject
Global
	GlobalSection(SolutionConfigurationPlatforms) = preSolution
		Debug|Any CPU = Debug|Any CPU
		Release|Any CPU = Release|Any CPU
	EndGlobalSection
	GlobalSection(ProjectConfigurationPlatforms) = postSolution
		{457A5BE1-AFFD-4188-A670-35C3C4BF5F73}.Debug|Any CPU.ActiveCfg = Debug|Any CPU
		{457A5BE1-AFFD-4188-A670-35C3C4BF5F73}.Debug|Any CPU.Build.0 = Debug|Any CPU
		{457A5BE1-AFFD-4188-A670-35C3C4BF5F73}.Release|Any CPU.ActiveCfg = Release|Any CPU
		{457A5BE1-AFFD-4188-A670-35C3C4BF5F73}.Release|Any CPU.Build.0 = Release|Any CPU
		{284C546B-9052-498C-9D31-5AAB4F2EE4CA}.Debug|Any CPU.ActiveCfg = Debug|Any CPU
		{284C546B-9052-498C-9D31-5AAB4F2EE4CA}.Debug|Any CPU.Build.0 = Debug|Any CPU
		{284C546B-9052-498C-9D31-5AAB4F2EE4CA}.Release|Any CPU.ActiveCfg = Release|Any CPU
		{284C546B-9052-498C-9D31-5AAB4F2EE4CA}.Release|Any CPU.Build.0 = Release|Any CPU
		{9E8A3FB5-B0FC-47D8-816E-E8B4BA72F0BF}.Debug|Any CPU.ActiveCfg = Debug|Any CPU
		{9E8A3FB5-B0FC-47D8-816E-E8B4BA72F0BF}.Debug|Any CPU.Build.0 = Debug|Any CPU
		{9E8A3FB5-B0FC-47D8-816E-E8B4BA72F0BF}.Release|Any CPU.ActiveCfg = Release|Any CPU
		{9E8A3FB5-B0FC-47D8-816E-E8B4BA72F0BF}.Release|Any CPU.Build.0 = Release|Any CPU
		{A0F2E8A7-A8B0-46A8-AFD1-8D7AAD7D751F}.Debug|Any CPU.ActiveCfg = Debug|Any CPU
		{A0F2E8A7-A8B0-46A8-AFD1-8D7AAD7D751F}.Debug|Any CPU.Build.0 = Debug|Any CPU
		{A0F2E8A7-A8B0-46A8-AFD1-8D7AAD7D751F}.Release|Any CPU.ActiveCfg = Release|Any CPU
		{A0F2E8A7-A8B0-46A8-AFD1-8D7AAD7D751F}.Release|Any CPU.Build.0 = Release|Any CPU
	EndGlobalSection
	GlobalSection(SolutionProperties) = preSolution
		HideSolutionNode = FALSE
	EndGlobalSection
	GlobalSection(ExtensibilityGlobals) = postSolution
		SolutionGuid = {A61CD4AA-37A0-424D-96FD-451D0FAD6D75}
	EndGlobalSection
EndGlobal
