
Microsoft Visual Studio Solution File, Format Version 12.00
# Visual Studio Version 16
VisualStudioVersion = 16.0.32407.337
MinimumVisualStudioVersion = 10.0.40219.1
Project("{9A19103F-16F7-4668-BE54-9A1E7A4F7556}") = "Operations", "Operations\Operations.csproj", "{B1C8FAE1-D249-4CB6-A492-F5CCD5AB4517}"
EndProject
Project("{FAE04EC0-301F-11D3-BF4B-00C04F79EFBC}") = "Animals", "Animals\Animals.csproj", "{A342F14C-D8E5-42D6-A4FA-CEBC23803434}"
EndProject
Project("{FAE04EC0-301F-11D3-BF4B-00C04F79EFBC}") = "Shapes", "Shapes\Shapes.csproj", "{C981B903-19E7-4386-A52B-F667337F4676}"
EndProject
Global
	GlobalSection(SolutionConfigurationPlatforms) = preSolution
		Debug|Any CPU = Debug|Any CPU
		Release|Any CPU = Release|Any CPU
	EndGlobalSection
	GlobalSection(ProjectConfigurationPlatforms) = postSolution
		{B1C8FAE1-D249-4CB6-A492-F5CCD5AB4517}.Debug|Any CPU.ActiveCfg = Debug|Any CPU
		{B1C8FAE1-D249-4CB6-A492-F5CCD5AB4517}.Debug|Any CPU.Build.0 = Debug|Any CPU
		{B1C8FAE1-D249-4CB6-A492-F5CCD5AB4517}.Release|Any CPU.ActiveCfg = Release|Any CPU
		{B1C8FAE1-D249-4CB6-A492-F5CCD5AB4517}.Release|Any CPU.Build.0 = Release|Any CPU
		{A342F14C-D8E5-42D6-A4FA-CEBC23803434}.Debug|Any CPU.ActiveCfg = Debug|Any CPU
		{A342F14C-D8E5-42D6-A4FA-CEBC23803434}.Debug|Any CPU.Build.0 = Debug|Any CPU
		{A342F14C-D8E5-42D6-A4FA-CEBC23803434}.Release|Any CPU.ActiveCfg = Release|Any CPU
		{A342F14C-D8E5-42D6-A4FA-CEBC23803434}.Release|Any CPU.Build.0 = Release|Any CPU
		{C981B903-19E7-4386-A52B-F667337F4676}.Debug|Any CPU.ActiveCfg = Debug|Any CPU
		{C981B903-19E7-4386-A52B-F667337F4676}.Debug|Any CPU.Build.0 = Debug|Any CPU
		{C981B903-19E7-4386-A52B-F667337F4676}.Release|Any CPU.ActiveCfg = Release|Any CPU
		{C981B903-19E7-4386-A52B-F667337F4676}.Release|Any CPU.Build.0 = Release|Any CPU
	EndGlobalSection
	GlobalSection(SolutionProperties) = preSolution
		HideSolutionNode = FALSE
	EndGlobalSection
	GlobalSection(ExtensibilityGlobals) = postSolution
		SolutionGuid = {200ED57A-715B-43EF-AA65-EA442B2BFBF2}
	EndGlobalSection
EndGlobal
