
Microsoft Visual Studio Solution File, Format Version 12.00
# Visual Studio Version 16
VisualStudioVersion = 16.0.32407.337
MinimumVisualStudioVersion = 10.0.40219.1
Project("{9A19103F-16F7-4668-BE54-9A1E7A4F7556}") = "01.ClassBoxData", "01.ClassBoxData\01.ClassBoxData.csproj", "{76729110-3200-424F-ADCC-CF432D6C197D}"
EndProject
Project("{9A19103F-16F7-4668-BE54-9A1E7A4F7556}") = "03.ShoppingSpree", "03.ShoppingSpree\03.ShoppingSpree.csproj", "{16BA3A4E-8A39-400A-BF92-AF861A3A4CFE}"
EndProject
Project("{9A19103F-16F7-4668-BE54-9A1E7A4F7556}") = "03.ShoppingSpreeNew", "03.ShoppingSpree new\03.ShoppingSpreeNew.csproj", "{0BAFBC90-AFBB-497E-8F2C-1BEA9A5B6DA7}"
EndProject
Project("{FAE04EC0-301F-11D3-BF4B-00C04F79EFBC}") = "04.PizzaCalories", "04.PizzaCalories\04.PizzaCalories.csproj", "{A65B2B92-4630-4668-ACDD-09F407195E9D}"
EndProject
Global
	GlobalSection(SolutionConfigurationPlatforms) = preSolution
		Debug|Any CPU = Debug|Any CPU
		Release|Any CPU = Release|Any CPU
	EndGlobalSection
	GlobalSection(ProjectConfigurationPlatforms) = postSolution
		{76729110-3200-424F-ADCC-CF432D6C197D}.Debug|Any CPU.ActiveCfg = Debug|Any CPU
		{76729110-3200-424F-ADCC-CF432D6C197D}.Debug|Any CPU.Build.0 = Debug|Any CPU
		{76729110-3200-424F-ADCC-CF432D6C197D}.Release|Any CPU.ActiveCfg = Release|Any CPU
		{76729110-3200-424F-ADCC-CF432D6C197D}.Release|Any CPU.Build.0 = Release|Any CPU
		{16BA3A4E-8A39-400A-BF92-AF861A3A4CFE}.Debug|Any CPU.ActiveCfg = Debug|Any CPU
		{16BA3A4E-8A39-400A-BF92-AF861A3A4CFE}.Debug|Any CPU.Build.0 = Debug|Any CPU
		{16BA3A4E-8A39-400A-BF92-AF861A3A4CFE}.Release|Any CPU.ActiveCfg = Release|Any CPU
		{16BA3A4E-8A39-400A-BF92-AF861A3A4CFE}.Release|Any CPU.Build.0 = Release|Any CPU
		{0BAFBC90-AFBB-497E-8F2C-1BEA9A5B6DA7}.Debug|Any CPU.ActiveCfg = Debug|Any CPU
		{0BAFBC90-AFBB-497E-8F2C-1BEA9A5B6DA7}.Debug|Any CPU.Build.0 = Debug|Any CPU
		{0BAFBC90-AFBB-497E-8F2C-1BEA9A5B6DA7}.Release|Any CPU.ActiveCfg = Release|Any CPU
		{0BAFBC90-AFBB-497E-8F2C-1BEA9A5B6DA7}.Release|Any CPU.Build.0 = Release|Any CPU
		{A65B2B92-4630-4668-ACDD-09F407195E9D}.Debug|Any CPU.ActiveCfg = Debug|Any CPU
		{A65B2B92-4630-4668-ACDD-09F407195E9D}.Debug|Any CPU.Build.0 = Debug|Any CPU
		{A65B2B92-4630-4668-ACDD-09F407195E9D}.Release|Any CPU.ActiveCfg = Release|Any CPU
		{A65B2B92-4630-4668-ACDD-09F407195E9D}.Release|Any CPU.Build.0 = Release|Any CPU
	EndGlobalSection
	GlobalSection(SolutionProperties) = preSolution
		HideSolutionNode = FALSE
	EndGlobalSection
	GlobalSection(ExtensibilityGlobals) = postSolution
		SolutionGuid = {8886BA02-5051-4666-9895-270B53E41C89}
	EndGlobalSection
EndGlobal
